
Microsoft Visual Studio Solution File, Format Version 12.00
# Visual Studio 2013
VisualStudioVersion = 12.0.31101.0
MinimumVisualStudioVersion = 10.0.40219.1
Project("{FAE04EC0-301F-11D3-BF4B-00C04F79EFBC}") = "Supermarket.Models", "Supermarket.Models\Supermarket.Models.csproj", "{FCEED6C7-4819-4C70-A437-3CB855209731}"
EndProject
Project("{FAE04EC0-301F-11D3-BF4B-00C04F79EFBC}") = "Supermarket.Data", "Supermarket.Data\Supermarket.Data.csproj", "{C6AC52CF-AAEB-4004-BC8B-85616F8C8ACC}"
EndProject
Project("{FAE04EC0-301F-11D3-BF4B-00C04F79EFBC}") = "Supermarket.Program", "Supermarket.Program\Supermarket.Program.csproj", "{DDDF5542-2B9C-40BB-9F68-0E7D1C1FD5F8}"
EndProject
Global
	GlobalSection(SolutionConfigurationPlatforms) = preSolution
		Debug|Any CPU = Debug|Any CPU
		Release|Any CPU = Release|Any CPU
	EndGlobalSection
	GlobalSection(ProjectConfigurationPlatforms) = postSolution
		{FCEED6C7-4819-4C70-A437-3CB855209731}.Debug|Any CPU.ActiveCfg = Debug|Any CPU
		{FCEED6C7-4819-4C70-A437-3CB855209731}.Debug|Any CPU.Build.0 = Debug|Any CPU
		{FCEED6C7-4819-4C70-A437-3CB855209731}.Release|Any CPU.ActiveCfg = Release|Any CPU
		{FCEED6C7-4819-4C70-A437-3CB855209731}.Release|Any CPU.Build.0 = Release|Any CPU
		{C6AC52CF-AAEB-4004-BC8B-85616F8C8ACC}.Debug|Any CPU.ActiveCfg = Debug|Any CPU
		{C6AC52CF-AAEB-4004-BC8B-85616F8C8ACC}.Debug|Any CPU.Build.0 = Debug|Any CPU
		{C6AC52CF-AAEB-4004-BC8B-85616F8C8ACC}.Release|Any CPU.ActiveCfg = Release|Any CPU
		{C6AC52CF-AAEB-4004-BC8B-85616F8C8ACC}.Release|Any CPU.Build.0 = Release|Any CPU
		{DDDF5542-2B9C-40BB-9F68-0E7D1C1FD5F8}.Debug|Any CPU.ActiveCfg = Debug|Any CPU
		{DDDF5542-2B9C-40BB-9F68-0E7D1C1FD5F8}.Debug|Any CPU.Build.0 = Debug|Any CPU
		{DDDF5542-2B9C-40BB-9F68-0E7D1C1FD5F8}.Release|Any CPU.ActiveCfg = Release|Any CPU
		{DDDF5542-2B9C-40BB-9F68-0E7D1C1FD5F8}.Release|Any CPU.Build.0 = Release|Any CPU
	EndGlobalSection
	GlobalSection(SolutionProperties) = preSolution
		HideSolutionNode = FALSE
	EndGlobalSection
EndGlobal
