
Microsoft Visual Studio Solution File, Format Version 12.00
# Visual Studio 2013
VisualStudioVersion = 12.0.31101.0
MinimumVisualStudioVersion = 10.0.40219.1
Project("{FAE04EC0-301F-11D3-BF4B-00C04F79EFBC}") = "Supermarket", "Supermarket\Supermarket.csproj", "{8DFB77AD-37E8-436A-AC6B-23CF1ADE0B1E}"
EndProject
Project("{FAE04EC0-301F-11D3-BF4B-00C04F79EFBC}") = "Supermarket.Tests", "Supermarket.Tests\Supermarket.Tests.csproj", "{B216545E-938D-4BE0-87B4-B1B868D67253}"
EndProject
Global
	GlobalSection(SolutionConfigurationPlatforms) = preSolution
		Debug|Any CPU = Debug|Any CPU
		Release|Any CPU = Release|Any CPU
	EndGlobalSection
	GlobalSection(ProjectConfigurationPlatforms) = postSolution
		{8DFB77AD-37E8-436A-AC6B-23CF1ADE0B1E}.Debug|Any CPU.ActiveCfg = Debug|Any CPU
		{8DFB77AD-37E8-436A-AC6B-23CF1ADE0B1E}.Debug|Any CPU.Build.0 = Debug|Any CPU
		{8DFB77AD-37E8-436A-AC6B-23CF1ADE0B1E}.Release|Any CPU.ActiveCfg = Release|Any CPU
		{8DFB77AD-37E8-436A-AC6B-23CF1ADE0B1E}.Release|Any CPU.Build.0 = Release|Any CPU
		{B216545E-938D-4BE0-87B4-B1B868D67253}.Debug|Any CPU.ActiveCfg = Debug|Any CPU
		{B216545E-938D-4BE0-87B4-B1B868D67253}.Debug|Any CPU.Build.0 = Debug|Any CPU
		{B216545E-938D-4BE0-87B4-B1B868D67253}.Release|Any CPU.ActiveCfg = Release|Any CPU
		{B216545E-938D-4BE0-87B4-B1B868D67253}.Release|Any CPU.Build.0 = Release|Any CPU
	EndGlobalSection
	GlobalSection(SolutionProperties) = preSolution
		HideSolutionNode = FALSE
	EndGlobalSection
EndGlobal
